github.com/ebitengine/purego v0.10.2 h1:W809HbnvzAxgdm+aOvlSekrM16wGCdT/e76+9tS7gzE=
github.com/ebitengine/purego v0.10.2/go.mod h1:iIjxzd6CiRiOG0UyXP+V1+jWqUXVjPKLAI0mRfJZTmQ=
golang.org/x/sys v0.35.0 h1:vz1N37gP5bs89s7He8XuIYXpyY0+QlsKmzipCbUtyxI=
golang.org/x/sys v0.35.0/go.mod h1:BJP2sWEmIv4KK5OTEluFJCKSidICx8ciO85XgH3Ak8k=
